// !$*UTF8*$!
{
	archiveVersion = 1;
	classes = {
	};
	objectVersion = 50;
	objects = {

/* Begin PBXContainerItemProxy section */
		9133F3CC25D951F90032F239 /* PBXContainerItemProxy */ = {
			isa = PBXContainerItemProxy;
			containerPortal = 9133F3C825D951F80032F239 /* AllStat.xcodeproj */;
			proxyType = 2;
			remoteGlobalIDString = 9133F3C125D951F80032F239;
			remoteInfo = AllStat;
		};
		9185980525E0016300E988AB /* PBXContainerItemProxy */ = {
			isa = PBXContainerItemProxy;
			containerPortal = 9185980125E0016300E988AB /* PureC.xcodeproj */;
			proxyType = 2;
			remoteGlobalIDString = 918597F725E0016300E988AB;
			remoteInfo = PureC;
		};
		91A6011C25DFF2DE004AE66B /* PBXContainerItemProxy */ = {
			isa = PBXContainerItemProxy;
			containerPortal = 91A6011825DFF2DE004AE66B /* zlib.xcodeproj */;
			proxyType = 2;
			remoteGlobalIDString = 91A6011125DFF2DE004AE66B;
			remoteInfo = zlib;
		};
		91DD94CE25D954C900DC6CCC /* PBXContainerItemProxy */ = {
			isa = PBXContainerItemProxy;
			containerPortal = 91DD94CA25D954C800DC6CCC /* TestAll.xcodeproj */;
			proxyType = 2;
			remoteGlobalIDString = 91DD94C025D954C800DC6CCC;
			remoteInfo = TestAll;
		};
		91DFECD325DFE7AF0040F284 /* PBXContainerItemProxy */ = {
			isa = PBXContainerItemProxy;
			containerPortal = 91DFECCF25DFE7AF0040F284 /* WhatIs.xcodeproj */;
			proxyType = 2;
			remoteGlobalIDString = 91DD94DA25D954FC00DC6CCC;
			remoteInfo = WhatIs;
		};
		91DFECF025DFEA770040F284 /* PBXContainerItemProxy */ = {
			isa = PBXContainerItemProxy;
			containerPortal = 91DFECEC25DFEA760040F284 /* AllStatDll.xcodeproj */;
			proxyType = 2;
			remoteGlobalIDString = 91DFECE525DFEA760040F284;
			remoteInfo = AllStatDll;
		};
/* End PBXContainerItemProxy section */

/* Begin PBXFileReference section */
		9133F3C825D951F80032F239 /* AllStat.xcodeproj */ = {isa = PBXFileReference; lastKnownFileType = "wrapper.pb-project"; name = AllStat.xcodeproj; path = AllStat/AllStat.xcodeproj; sourceTree = "<group>"; };
		916E67F625DAF44E00B6D4BC /* allstat.py */ = {isa = PBXFileReference; lastKnownFileType = text.script.python; path = allstat.py; sourceTree = "<group>"; };
		916E67F725DAF44E00B6D4BC /* gen_lresult.py */ = {isa = PBXFileReference; lastKnownFileType = text.script.python; path = gen_lresult.py; sourceTree = "<group>"; };
		916E67F825DAF44E00B6D4BC /* config.xml */ = {isa = PBXFileReference; lastKnownFileType = text.xml; path = config.xml; sourceTree = "<group>"; };
		916E67F925DAF44E00B6D4BC /* gen_ntstatus.py */ = {isa = PBXFileReference; lastKnownFileType = text.script.python; path = gen_ntstatus.py; sourceTree = "<group>"; };
		916E67FA25DAF44E00B6D4BC /* gen_http.py */ = {isa = PBXFileReference; lastKnownFileType = text.script.python; path = gen_http.py; sourceTree = "<group>"; };
		916E67FB25DAF44E00B6D4BC /* gen_hresult.py */ = {isa = PBXFileReference; lastKnownFileType = text.script.python; path = gen_hresult.py; sourceTree = "<group>"; };
		916E67FC25DAF44E00B6D4BC /* settings.py */ = {isa = PBXFileReference; lastKnownFileType = text.script.python; path = settings.py; sourceTree = "<group>"; };
		916E67FD25DAF44E00B6D4BC /* gen_errno.py */ = {isa = PBXFileReference; lastKnownFileType = text.script.python; path = gen_errno.py; sourceTree = "<group>"; };
		916E680125DAF44E00B6D4BC /* errno.h */ = {isa = PBXFileReference; lastKnownFileType = sourcecode.c.h; path = errno.h; sourceTree = "<group>"; };
		916E680325DAF44E00B6D4BC /* errno.h */ = {isa = PBXFileReference; lastKnownFileType = sourcecode.c.h; path = errno.h; sourceTree = "<group>"; };
		916E680525DAF44E00B6D4BC /* errno.h */ = {isa = PBXFileReference; lastKnownFileType = sourcecode.c.h; path = errno.h; sourceTree = "<group>"; };
		916E680725DAF44E00B6D4BC /* errno.h */ = {isa = PBXFileReference; lastKnownFileType = sourcecode.c.h; path = errno.h; sourceTree = "<group>"; };
		916E680825DAF44E00B6D4BC /* ntstatus.h */ = {isa = PBXFileReference; lastKnownFileType = sourcecode.c.h; path = ntstatus.h; sourceTree = "<group>"; };
		916E680B25DAF44E00B6D4BC /* winbio_err.h */ = {isa = PBXFileReference; lastKnownFileType = sourcecode.c.h; path = winbio_err.h; sourceTree = "<group>"; };
		916E680C25DAF44E00B6D4BC /* winerror.h */ = {isa = PBXFileReference; lastKnownFileType = sourcecode.c.h; path = winerror.h; sourceTree = "<group>"; };
		916E680E25DAF44E00B6D4BC /* Mferror.h */ = {isa = PBXFileReference; lastKnownFileType = sourcecode.c.h; path = Mferror.h; sourceTree = "<group>"; };
		916E680F25DAF44E00B6D4BC /* oledberr.h */ = {isa = PBXFileReference; lastKnownFileType = sourcecode.c.h; path = oledberr.h; sourceTree = "<group>"; };
		916E681025DAF44E00B6D4BC /* vfwmsgs.h */ = {isa = PBXFileReference; lastKnownFileType = sourcecode.c.h; path = vfwmsgs.h; sourceTree = "<group>"; };
		916E681125DAF44E00B6D4BC /* Mq.h */ = {isa = PBXFileReference; lastKnownFileType = sourcecode.c.h; path = Mq.h; sourceTree = "<group>"; };
		916E681225DAF44E00B6D4BC /* imapi2fserror.h */ = {isa = PBXFileReference; lastKnownFileType = sourcecode.c.h; path = imapi2fserror.h; sourceTree = "<group>"; };
		916E681325DAF44E00B6D4BC /* CiError.h */ = {isa = PBXFileReference; lastKnownFileType = sourcecode.c.h; path = CiError.h; sourceTree = "<group>"; };
		916E681425DAF44E00B6D4BC /* vdserr.h */ = {isa = PBXFileReference; lastKnownFileType = sourcecode.c.h; path = vdserr.h; sourceTree = "<group>"; };
		916E681525DAF44E00B6D4BC /* slerror.h */ = {isa = PBXFileReference; lastKnownFileType = sourcecode.c.h; path = slerror.h; sourceTree = "<group>"; };
		916E681625DAF44E00B6D4BC /* imapi2error.h */ = {isa = PBXFileReference; lastKnownFileType = sourcecode.c.h; path = imapi2error.h; sourceTree = "<group>"; };
		916E681725DAF44E00B6D4BC /* Filterr.h */ = {isa = PBXFileReference; lastKnownFileType = sourcecode.c.h; path = Filterr.h; sourceTree = "<group>"; };
		916E681825DAF44E00B6D4BC /* NtDsBMsg.h */ = {isa = PBXFileReference; lastKnownFileType = sourcecode.c.h; path = NtDsBMsg.h; sourceTree = "<group>"; };
		916E681925DAF44E00B6D4BC /* Tapi3Err.h */ = {isa = PBXFileReference; lastKnownFileType = sourcecode.c.h; path = Tapi3Err.h; sourceTree = "<group>"; };
		916E681A25DAF44E00B6D4BC /* rtcerr.h */ = {isa = PBXFileReference; lastKnownFileType = sourcecode.c.h; path = rtcerr.h; sourceTree = "<group>"; };
		916E681B25DAF44E00B6D4BC /* wcmerrors.h */ = {isa = PBXFileReference; lastKnownFileType = sourcecode.c.h; path = wcmerrors.h; sourceTree = "<group>"; };
		916E681C25DAF44E00B6D4BC /* wuerror.h */ = {isa = PBXFileReference; lastKnownFileType = sourcecode.c.h; path = wuerror.h; sourceTree = "<group>"; };
		916E681D25DAF44E00B6D4BC /* WdsTptMgmtMsg.h */ = {isa = PBXFileReference; lastKnownFileType = sourcecode.c.h; path = WdsTptMgmtMsg.h; sourceTree = "<group>"; };
		916E681E25DAF44E00B6D4BC /* fsrmerr.h */ = {isa = PBXFileReference; lastKnownFileType = sourcecode.c.h; path = fsrmerr.h; sourceTree = "<group>"; };
		916E681F25DAF44E00B6D4BC /* functiondiscoveryerror.h */ = {isa = PBXFileReference; lastKnownFileType = sourcecode.c.h; path = functiondiscoveryerror.h; sourceTree = "<group>"; };
		916E682025DAF44E00B6D4BC /* AdsErr.h */ = {isa = PBXFileReference; lastKnownFileType = sourcecode.c.h; path = AdsErr.h; sourceTree = "<group>"; };
		916E682125DAF44E00B6D4BC /* nserror.h */ = {isa = PBXFileReference; lastKnownFileType = sourcecode.c.h; path = nserror.h; sourceTree = "<group>"; };
		916E682225DAF44E00B6D4BC /* WindowsSearchErrors.h */ = {isa = PBXFileReference; lastKnownFileType = sourcecode.c.h; path = WindowsSearchErrors.h; sourceTree = "<group>"; };
		916E682325DAF44E00B6D4BC /* WdsCpMsg.h */ = {isa = PBXFileReference; lastKnownFileType = sourcecode.c.h; path = WdsCpMsg.h; sourceTree = "<group>"; };
		916E682425DAF44E00B6D4BC /* wdsmcerr.h */ = {isa = PBXFileReference; lastKnownFileType = sourcecode.c.h; path = wdsmcerr.h; sourceTree = "<group>"; };
		916E682525DAF44E00B6D4BC /* vsserror.h */ = {isa = PBXFileReference; lastKnownFileType = sourcecode.c.h; path = vsserror.h; sourceTree = "<group>"; };
		9185980125E0016300E988AB /* PureC.xcodeproj */ = {isa = PBXFileReference; lastKnownFileType = "wrapper.pb-project"; name = PureC.xcodeproj; path = PureC/PureC.xcodeproj; sourceTree = "<group>"; };
		91A6011825DFF2DE004AE66B /* zlib.xcodeproj */ = {isa = PBXFileReference; lastKnownFileType = "wrapper.pb-project"; name = zlib.xcodeproj; path = zlib/zlib.xcodeproj; sourceTree = "<group>"; };
		91DD94CA25D954C800DC6CCC /* TestAll.xcodeproj */ = {isa = PBXFileReference; lastKnownFileType = "wrapper.pb-project"; name = TestAll.xcodeproj; path = TestAll/TestAll.xcodeproj; sourceTree = "<group>"; };
		91DFECCE25DFE7480040F284 /* example.py */ = {isa = PBXFileReference; lastKnownFileType = text.script.python; path = example.py; sourceTree = "<group>"; };
		91DFECCF25DFE7AF0040F284 /* WhatIs.xcodeproj */ = {isa = PBXFileReference; lastKnownFileType = "wrapper.pb-project"; name = WhatIs.xcodeproj; path = WhatIs/WhatIs.xcodeproj; sourceTree = "<group>"; };
		91DFECEC25DFEA760040F284 /* AllStatDll.xcodeproj */ = {isa = PBXFileReference; lastKnownFileType = "wrapper.pb-project"; name = AllStatDll.xcodeproj; path = AllStatDll/AllStatDll.xcodeproj; sourceTree = "<group>"; };
/* End PBXFileReference section */

/* Begin PBXGroup section */
		9133F3B125D9514B0032F239 = {
			isa = PBXGroup;
			children = (
				91A6010325DFF2B6004AE66B /* Lib */,
				91DFECDB25DFE8870040F284 /* Dll */,
				91DFECCC25DFE6940040F284 /* Examples */,
				916E67F525DAF44E00B6D4BC /* Scripts */,
				91DD94B525D9548200DC6CCC /* Tests */,
				9133F3C825D951F80032F239 /* AllStat.xcodeproj */,
			);
			sourceTree = "<group>";
		};
		9133F3C925D951F80032F239 /* Products */ = {
			isa = PBXGroup;
			children = (
				9133F3CD25D951F90032F239 /* liballstat.a */,
			);
			name = Products;
			sourceTree = "<group>";
		};
		916E67F525DAF44E00B6D4BC /* Scripts */ = {
			isa = PBXGroup;
			children = (
				916E67F625DAF44E00B6D4BC /* allstat.py */,
				916E67F725DAF44E00B6D4BC /* gen_lresult.py */,
				916E67F825DAF44E00B6D4BC /* config.xml */,
				916E67F925DAF44E00B6D4BC /* gen_ntstatus.py */,
				916E67FA25DAF44E00B6D4BC /* gen_http.py */,
				916E67FB25DAF44E00B6D4BC /* gen_hresult.py */,
				916E67FC25DAF44E00B6D4BC /* settings.py */,
				916E67FD25DAF44E00B6D4BC /* gen_errno.py */,
				916E67FE25DAF44E00B6D4BC /* data */,
			);
			path = Scripts;
			sourceTree = "<group>";
		};
		916E67FE25DAF44E00B6D4BC /* data */ = {
			isa = PBXGroup;
			children = (
				916E67FF25DAF44E00B6D4BC /* errno */,
				916E680825DAF44E00B6D4BC /* ntstatus.h */,
				916E680925DAF44E00B6D4BC /* mssdk */,
			);
			path = data;
			sourceTree = "<group>";
		};
		916E67FF25DAF44E00B6D4BC /* errno */ = {
			isa = PBXGroup;
			children = (
				916E680025DAF44E00B6D4BC /* Mac */,
				916E680225DAF44E00B6D4BC /* Linux */,
				916E680425DAF44E00B6D4BC /* Windows */,
				916E680625DAF44E00B6D4BC /* Solaris */,
			);
			path = errno;
			sourceTree = "<group>";
		};
		916E680025DAF44E00B6D4BC /* Mac */ = {
			isa = PBXGroup;
			children = (
				916E680125DAF44E00B6D4BC /* errno.h */,
			);
			path = Mac;
			sourceTree = "<group>";
		};
		916E680225DAF44E00B6D4BC /* Linux */ = {
			isa = PBXGroup;
			children = (
				916E680325DAF44E00B6D4BC /* errno.h */,
			);
			path = Linux;
			sourceTree = "<group>";
		};
		916E680425DAF44E00B6D4BC /* Windows */ = {
			isa = PBXGroup;
			children = (
				916E680525DAF44E00B6D4BC /* errno.h */,
			);
			path = Windows;
			sourceTree = "<group>";
		};
		916E680625DAF44E00B6D4BC /* Solaris */ = {
			isa = PBXGroup;
			children = (
				916E680725DAF44E00B6D4BC /* errno.h */,
			);
			path = Solaris;
			sourceTree = "<group>";
		};
		916E680925DAF44E00B6D4BC /* mssdk */ = {
			isa = PBXGroup;
			children = (
				916E680A25DAF44E00B6D4BC /* shared */,
				916E680D25DAF44E00B6D4BC /* um */,
			);
			path = mssdk;
			sourceTree = "<group>";
		};
		916E680A25DAF44E00B6D4BC /* shared */ = {
			isa = PBXGroup;
			children = (
				916E680B25DAF44E00B6D4BC /* winbio_err.h */,
				916E680C25DAF44E00B6D4BC /* winerror.h */,
			);
			path = shared;
			sourceTree = "<group>";
		};
		916E680D25DAF44E00B6D4BC /* um */ = {
			isa = PBXGroup;
			children = (
				916E680E25DAF44E00B6D4BC /* Mferror.h */,
				916E680F25DAF44E00B6D4BC /* oledberr.h */,
				916E681025DAF44E00B6D4BC /* vfwmsgs.h */,
				916E681125DAF44E00B6D4BC /* Mq.h */,
				916E681225DAF44E00B6D4BC /* imapi2fserror.h */,
				916E681325DAF44E00B6D4BC /* CiError.h */,
				916E681425DAF44E00B6D4BC /* vdserr.h */,
				916E681525DAF44E00B6D4BC /* slerror.h */,
				916E681625DAF44E00B6D4BC /* imapi2error.h */,
				916E681725DAF44E00B6D4BC /* Filterr.h */,
				916E681825DAF44E00B6D4BC /* NtDsBMsg.h */,
				916E681925DAF44E00B6D4BC /* Tapi3Err.h */,
				916E681A25DAF44E00B6D4BC /* rtcerr.h */,
				916E681B25DAF44E00B6D4BC /* wcmerrors.h */,
				916E681C25DAF44E00B6D4BC /* wuerror.h */,
				916E681D25DAF44E00B6D4BC /* WdsTptMgmtMsg.h */,
				916E681E25DAF44E00B6D4BC /* fsrmerr.h */,
				916E681F25DAF44E00B6D4BC /* functiondiscoveryerror.h */,
				916E682025DAF44E00B6D4BC /* AdsErr.h */,
				916E682125DAF44E00B6D4BC /* nserror.h */,
				916E682225DAF44E00B6D4BC /* WindowsSearchErrors.h */,
				916E682325DAF44E00B6D4BC /* WdsCpMsg.h */,
				916E682425DAF44E00B6D4BC /* wdsmcerr.h */,
				916E682525DAF44E00B6D4BC /* vsserror.h */,
			);
			path = um;
			sourceTree = "<group>";
		};
		9185980225E0016300E988AB /* Products */ = {
			isa = PBXGroup;
			children = (
				9185980625E0016300E988AB /* PureC */,
			);
			name = Products;
			sourceTree = "<group>";
		};
		91A6010325DFF2B6004AE66B /* Lib */ = {
			isa = PBXGroup;
			children = (
				91A6011825DFF2DE004AE66B /* zlib.xcodeproj */,
			);
			path = Lib;
			sourceTree = "<group>";
		};
		91A6011925DFF2DE004AE66B /* Products */ = {
			isa = PBXGroup;
			children = (
				91A6011D25DFF2DE004AE66B /* libzlib.a */,
			);
			name = Products;
			sourceTree = "<group>";
		};
		91DD94B525D9548200DC6CCC /* Tests */ = {
			isa = PBXGroup;
			children = (
				91DD94CA25D954C800DC6CCC /* TestAll.xcodeproj */,
			);
			path = Tests;
			sourceTree = "<group>";
		};
		91DD94CB25D954C800DC6CCC /* Products */ = {
			isa = PBXGroup;
			children = (
				91DD94CF25D954C900DC6CCC /* testall */,
			);
			name = Products;
			sourceTree = "<group>";
		};
		91DFECCC25DFE6940040F284 /* Examples */ = {
			isa = PBXGroup;
			children = (
				9185980125E0016300E988AB /* PureC.xcodeproj */,
				91DFECCF25DFE7AF0040F284 /* WhatIs.xcodeproj */,
				91DFECCD25DFE7480040F284 /* Python */,
			);
			path = Examples;
			sourceTree = "<group>";
		};
		91DFECCD25DFE7480040F284 /* Python */ = {
			isa = PBXGroup;
			children = (
				91DFECCE25DFE7480040F284 /* example.py */,
			);
			path = Python;
			sourceTree = "<group>";
		};
		91DFECD025DFE7AF0040F284 /* Products */ = {
			isa = PBXGroup;
			children = (
				91DFECD425DFE7AF0040F284 /* whatis */,
			);
			name = Products;
			sourceTree = "<group>";
		};
		91DFECDB25DFE8870040F284 /* Dll */ = {
			isa = PBXGroup;
			children = (
				91DFECEC25DFEA760040F284 /* AllStatDll.xcodeproj */,
			);
			path = Dll;
			sourceTree = "<group>";
		};
		91DFECED25DFEA760040F284 /* Products */ = {
			isa = PBXGroup;
			children = (
				91DFECF125DFEA770040F284 /* liballstatd.dylib */,
			);
			name = Products;
			sourceTree = "<group>";
		};
/* End PBXGroup section */

/* Begin PBXProject section */
		9133F3B225D9514B0032F239 /* Project object */ = {
			isa = PBXProject;
			attributes = {
				LastUpgradeCheck = 1220;
			};
			buildConfigurationList = 9133F3B525D9514B0032F239 /* Build configuration list for PBXProject "AllStat" */;
			compatibilityVersion = "Xcode 9.3";
			developmentRegion = en;
			hasScannedForEncodings = 0;
			knownRegions = (
				en,
				Base,
			);
			mainGroup = 9133F3B125D9514B0032F239;
			projectDirPath = "";
			projectReferences = (
				{
					ProductGroup = 9133F3C925D951F80032F239 /* Products */;
					ProjectRef = 9133F3C825D951F80032F239 /* AllStat.xcodeproj */;
				},
				{
					ProductGroup = 91DFECED25DFEA760040F284 /* Products */;
					ProjectRef = 91DFECEC25DFEA760040F284 /* AllStatDll.xcodeproj */;
				},
				{
					ProductGroup = 9185980225E0016300E988AB /* Products */;
					ProjectRef = 9185980125E0016300E988AB /* PureC.xcodeproj */;
				},
				{
					ProductGroup = 91DD94CB25D954C800DC6CCC /* Products */;
					ProjectRef = 91DD94CA25D954C800DC6CCC /* TestAll.xcodeproj */;
				},
				{
					ProductGroup = 91DFECD025DFE7AF0040F284 /* Products */;
					ProjectRef = 91DFECCF25DFE7AF0040F284 /* WhatIs.xcodeproj */;
				},
				{
					ProductGroup = 91A6011925DFF2DE004AE66B /* Products */;
					ProjectRef = 91A6011825DFF2DE004AE66B /* zlib.xcodeproj */;
				},
			);
			projectRoot = "";
			targets = (
			);
		};
/* End PBXProject section */

/* Begin PBXReferenceProxy section */
		9133F3CD25D951F90032F239 /* liballstat.a */ = {
			isa = PBXReferenceProxy;
			fileType = archive.ar;
			path = liballstat.a;
			remoteRef = 9133F3CC25D951F90032F239 /* PBXContainerItemProxy */;
			sourceTree = BUILT_PRODUCTS_DIR;
		};
		9185980625E0016300E988AB /* PureC */ = {
			isa = PBXReferenceProxy;
			fileType = "compiled.mach-o.executable";
			path = PureC;
			remoteRef = 9185980525E0016300E988AB /* PBXContainerItemProxy */;
			sourceTree = BUILT_PRODUCTS_DIR;
		};
		91A6011D25DFF2DE004AE66B /* libzlib.a */ = {
			isa = PBXReferenceProxy;
			fileType = archive.ar;
			path = libzlib.a;
			remoteRef = 91A6011C25DFF2DE004AE66B /* PBXContainerItemProxy */;
			sourceTree = BUILT_PRODUCTS_DIR;
		};
		91DD94CF25D954C900DC6CCC /* testall */ = {
			isa = PBXReferenceProxy;
			fileType = "compiled.mach-o.executable";
			path = testall;
			remoteRef = 91DD94CE25D954C900DC6CCC /* PBXContainerItemProxy */;
			sourceTree = BUILT_PRODUCTS_DIR;
		};
		91DFECD425DFE7AF0040F284 /* whatis */ = {
			isa = PBXReferenceProxy;
			fileType = "compiled.mach-o.executable";
			path = whatis;
			remoteRef = 91DFECD325DFE7AF0040F284 /* PBXContainerItemProxy */;
			sourceTree = BUILT_PRODUCTS_DIR;
		};
		91DFECF125DFEA770040F284 /* liballstatd.dylib */ = {
			isa = PBXReferenceProxy;
			fileType = "compiled.mach-o.dylib";
			path = liballstatd.dylib;
			remoteRef = 91DFECF025DFEA770040F284 /* PBXContainerItemProxy */;
			sourceTree = BUILT_PRODUCTS_DIR;
		};
/* End PBXReferenceProxy section */

/* Begin XCBuildConfiguration section */
		9133F3B625D9514B0032F239 /* Debug */ = {
			isa = XCBuildConfiguration;
			buildSettings = {
			};
			name = Debug;
		};
		9133F3B725D9514B0032F239 /* Release */ = {
			isa = XCBuildConfiguration;
			buildSettings = {
			};
			name = Release;
		};
/* End XCBuildConfiguration section */

/* Begin XCConfigurationList section */
		9133F3B525D9514B0032F239 /* Build configuration list for PBXProject "AllStat" */ = {
			isa = XCConfigurationList;
			buildConfigurations = (
				9133F3B625D9514B0032F239 /* Debug */,
				9133F3B725D9514B0032F239 /* Release */,
			);
			defaultConfigurationIsVisible = 0;
			defaultConfigurationName = Release;
		};
/* End XCConfigurationList section */
	};
	rootObject = 9133F3B225D9514B0032F239 /* Project object */;
}
