<?xml version="1.0" encoding="utf-8"?>
<Project ToolsVersion="4.0" xmlns="http://schemas.microsoft.com/developer/msbuild/2003">
  <ItemGroup>
    <ClCompile Include="..\..\Modules\zlib\zutil.c" />
    <ClCompile Include="..\..\Modules\zlib\inflate.c" />
    <ClCompile Include="..\..\Modules\zlib\adler32.c" />
    <ClCompile Include="..\..\Modules\zlib\crc32.c" />
    <ClCompile Include="..\..\Modules\zlib\inftrees.c" />
    <ClCompile Include="..\..\Modules\zlib\inffast.c" />
  </ItemGroup>
</Project>